
Microsoft Visual Studio Solution File, Format Version 12.00
# Visual Studio Version 16
VisualStudioVersion = 16.0.29411.108
MinimumVisualStudioVersion = 10.0.40219.1
Project("{FAE04EC0-301F-11D3-BF4B-00C04F79EFBC}") = "WindowsFormsApp", "WindowsFormsApp\WindowsFormsApp.csproj", "{66F82944-6781-44A1-BC00-66ACB82AA2EA}"
EndProject
Global
	GlobalSection(SolutionConfigurationPlatforms) = preSolution
		Debug|Any CPU = Debug|Any CPU
		Release|Any CPU = Release|Any CPU
	EndGlobalSection
	GlobalSection(ProjectConfigurationPlatforms) = postSolution
		{66F82944-6781-44A1-BC00-66ACB82AA2EA}.Debug|Any CPU.ActiveCfg = Debug|Any CPU
		{66F82944-6781-44A1-BC00-66ACB82AA2EA}.Debug|Any CPU.Build.0 = Debug|Any CPU
		{66F82944-6781-44A1-BC00-66ACB82AA2EA}.Release|Any CPU.ActiveCfg = Release|Any CPU
		{66F82944-6781-44A1-BC00-66ACB82AA2EA}.Release|Any CPU.Build.0 = Release|Any CPU
	EndGlobalSection
	GlobalSection(SolutionProperties) = preSolution
		HideSolutionNode = FALSE
	EndGlobalSection
	GlobalSection(ExtensibilityGlobals) = postSolution
		SolutionGuid = {DF71AD9C-7E2A-4CCB-81B6-7D91553A54D7}
	EndGlobalSection
EndGlobal
